schema: '2.0'
stages:
  data_ingestion:
    cmd: python src/cnnClassifier/pipeline/stage_01_data_ingestion.py
    deps:
    - path: config/config.yaml
      hash: md5
      md5: 827f7e69e311c322e2ffc2b8632fd8d3
      size: 1172
    - path: src/cnnClassifier/pipeline/stage_01_data_ingestion.py
      hash: md5
      md5: dd177e87d05cc361064ac7224bd8846d
      size: 920
    outs:
    - path: artifacts/data_ingestion/CT-scan-data
      hash: md5
      md5: 804029e56172360b15d24e1b17752dd7.dir
      size: 187178008
      nfiles: 1568
  prepare_base_model:
    cmd: python src/cnnClassifier/pipeline/stage_02_prepare_base_model.py
    deps:
    - path: config/config.yaml
      hash: md5
      md5: 827f7e69e311c322e2ffc2b8632fd8d3
      size: 1172
    - path: src/cnnClassifier/pipeline/stage_02_prepare_base_model.py
      hash: md5
      md5: 81cbb3ca39daf4c404c955f15b6c2942
      size: 967
    params:
      params.yaml:
        CLASSES: 2
        IMAGE_SIZE:
        - 224
        - 224
        - 3
        INCLUDE_TOP: false
        LEARNING_RATE: 0.01
        WEIGHTS: imagenet
    outs:
    - path: artifacts/prepare_base_model
      hash: md5
      md5: 7526eeca85c0e2e81d37543e786ea32a.dir
      size: 16476400
      nfiles: 1
  training:
    cmd: python src/cnnClassifier/pipeline/stage_03_model_trainer.py
    deps:
    - path: artifacts/data_ingestion/CT-scan-data
      hash: md5
      md5: 804029e56172360b15d24e1b17752dd7.dir
      size: 187178008
      nfiles: 1568
    - path: artifacts/prepare_base_model
      hash: md5
      md5: 7526eeca85c0e2e81d37543e786ea32a.dir
      size: 16476400
      nfiles: 1
    - path: config/config.yaml
      hash: md5
      md5: 827f7e69e311c322e2ffc2b8632fd8d3
      size: 1172
    - path: src/cnnClassifier/pipeline/stage_03_model_trainer.py
      hash: md5
      md5: c33e23d2c123f157b2ab007c8e9d938f
      size: 893
    params:
      params.yaml:
        AUGMENTATION: true
        BATCH_SIZE: 16
        FINE_TUNE_EPOCHS: 30
        FINE_TUNE_LAYERS: 20
        FINE_TUNE_LR: 1e-05
        IMAGE_SIZE:
        - 224
        - 224
        - 3
        WARMUP_EPOCHS: 5
        WARMUP_LR: 0.001
    outs:
    - path: artifacts/training/model.h5
      hash: md5
      md5: 0f7bcae5f9c51e544410cb2b2954d477
      size: 16476808
  evaluation:
    cmd: python src/cnnClassifier/pipeline/stage_04_model_evaluation.py
    deps:
    - path: artifacts/data_ingestion/CT-Scan-data
      hash: md5
      md5: 63e6b4d2e81c78b8add2cc29b4db5b40.dir
      size: 187178008
      nfiles: 1568
    - path: artifacts/training/model.h5
      hash: md5
      md5: cbf2077f89cd82e4550a32b4d6331678
      size: 16476808
    - path: config/config.yaml
      hash: md5
      md5: 822934b8b20608e8e2773f0513789d0f
      size: 1204
    - path: src/cnnClassifier/pipeline/stage_04_model_evaluation.py
      hash: md5
      md5: 240f94ae8fba1de80150d4807b535cb6
      size: 913
    params:
      params.yaml:
        BATCH_SIZE: 16
        IMAGE_SIZE:
        - 224
        - 224
        - 3
    outs:
    - path: scores.json
      hash: md5
      md5: 497486a762987bbbec94f6c3878ae020
      size: 282
