schema: '2.0'
stages:
  data_ingestion:
    cmd: python src/cnnClassifier/pipeline/stage_01_data_ingestion.py
    deps:
    - path: config/config.yaml
      hash: md5
      md5: 6b7b41337ea215fb5a17c330b00f1ebc
      size: 1169
    - path: src/cnnClassifier/pipeline/stage_01_data_ingestion.py
      hash: md5
      md5: dd177e87d05cc361064ac7224bd8846d
      size: 920
    outs:
    - path: artifacts/data_ingestion/CT-scan-data
      hash: md5
      md5: f46669226931cc95c1003627c097c36d.dir
      size: 152382892
      nfiles: 1144
  prepare_base_model:
    cmd: python src/cnnClassifier/pipeline/stage_02_prepare_base_model.py
    deps:
    - path: config/config.yaml
      hash: md5
      md5: 6b7b41337ea215fb5a17c330b00f1ebc
      size: 1169
    - path: src/cnnClassifier/pipeline/stage_02_prepare_base_model.py
      hash: md5
      md5: 81cbb3ca39daf4c404c955f15b6c2942
      size: 967
    params:
      params.yaml:
        CLASSES: 2
        IMAGE_SIZE:
        - 224
        - 224
        - 3
        INCLUDE_TOP: false
        LEARNING_RATE: 0.01
        WEIGHTS: imagenet
    outs:
    - path: artifacts/prepare_base_model
      hash: md5
      md5: a26ee826d5c34b593142e8d49a5100f2.dir
      size: 16476400
      nfiles: 1
  training:
    cmd: python src/cnnClassifier/pipeline/stage_03_model_trainer.py
    deps:
    - path: artifacts/data_ingestion/CT-scan-data
      hash: md5
      md5: f46669226931cc95c1003627c097c36d.dir
      size: 152382892
      nfiles: 1144
    - path: artifacts/prepare_base_model
      hash: md5
      md5: a26ee826d5c34b593142e8d49a5100f2.dir
      size: 16476400
      nfiles: 1
    - path: config/config.yaml
      hash: md5
      md5: 6b7b41337ea215fb5a17c330b00f1ebc
      size: 1169
    - path: src/cnnClassifier/pipeline/stage_03_model_trainer.py
      hash: md5
      md5: c33e23d2c123f157b2ab007c8e9d938f
      size: 893
    params:
      params.yaml:
        AUGMENTATION: true
        BATCH_SIZE: 16
        FINE_TUNE_EPOCHS: 30
        FINE_TUNE_LAYERS: 20
        FINE_TUNE_LR: 1e-05
        IMAGE_SIZE:
        - 224
        - 224
        - 3
        WARMUP_EPOCHS: 5
        WARMUP_LR: 0.001
    outs:
    - path: artifacts/training/model.h5
      hash: md5
      md5: 48a95563d97c7a5541f9dc6c5011b9c7
      size: 16476808
  evaluation:
    cmd: python src/cnnClassifier/pipeline/stage_04_model_evaluation.py
    deps:
    - path: artifacts/data_ingestion/CT-scan-data
      hash: md5
      md5: f46669226931cc95c1003627c097c36d.dir
      size: 152382892
      nfiles: 1144
    - path: artifacts/training/model.h5
      hash: md5
      md5: 48a95563d97c7a5541f9dc6c5011b9c7
      size: 16476808
    - path: config/config.yaml
      hash: md5
      md5: 6b7b41337ea215fb5a17c330b00f1ebc
      size: 1169
    - path: src/cnnClassifier/pipeline/stage_04_model_evaluation.py
      hash: md5
      md5: edadfb2d9dda6a9b2eb15d8ebcb5c282
      size: 879
    params:
      params.yaml:
        BATCH_SIZE: 16
        IMAGE_SIZE:
        - 224
        - 224
        - 3
    outs:
    - path: scores.json
      hash: md5
      md5: c849b5c3d371614f020f549a1efc5c5a
      size: 167
  ct_gate_training:
    cmd: python src/cnnClassifier/pipeline/stage_05_ct_gate_trainer.py
    deps:
    - path: artifacts/data_ingestion/CT-scan-data
      hash: md5
      md5: f46669226931cc95c1003627c097c36d.dir
      size: 152382892
      nfiles: 1144
    - path: config/config.yaml
      hash: md5
      md5: 6b7b41337ea215fb5a17c330b00f1ebc
      size: 1169
    - path: src/cnnClassifier/pipeline/stage_05_ct_gate_trainer.py
      hash: md5
      md5: a8baf8829f762da4ca850869cb593164
      size: 1060
    params:
      params.yaml:
        BATCH_SIZE: 16
        EPOCHS: 1
        IMAGE_SIZE:
        - 224
        - 224
        - 3
        LEARNING_RATE: 0.01
    outs:
    - path: artifacts/ct_gate/ct_gate_model.h5
      hash: md5
      md5: 05fa80492fa4611e06a91c40cd821723
      size: 392480
